# This file was autogenerated by Stack.
# You should not edit this file by hand.
# For more information, please see the documentation at:
#   https://docs.haskellstack.org/en/stable/lock_files

packages:
- completed:
    hackage: constrained-dynamic-0.1.0.0@sha256:3516d3b95c8180f8904671aa982af2fae55a185b18642192f5c8f50657108e82,1207
    pantry-tree:
      size: 576
      sha256: 93e4777d88e75cb1b3efef47654880304ce6fd2af12e31b0c7bd279f95abb449
  original:
    hackage: constrained-dynamic-0.1.0.0
- completed:
    hackage: gloss-1.13.2.1@sha256:273d02d30e1896932d45424dab6022a16986c0ed3eef6937776b5f40854ce51c,4075
    pantry-tree:
      size: 3807
      sha256: 1bcac9962bad9412bfb3c3a694fcdaae7097ee4071b03fc1dc5ab6047baad01b
  original:
    hackage: gloss-1.13.2.1
- completed:
    hackage: primitive-0.7.1.0@sha256:e7a412791f676df3e5cd5df6e8282fb2925932b0f7e1f51cd590deec369e945a,2728
    pantry-tree:
      size: 1376
      sha256: b0ad351a5416b27a0fde2380936db4f296ef81294720097b9c56bef0a2b02a66
  original:
    hackage: primitive-0.7.1.0
- completed:
    hackage: HTF-0.14.0.3@sha256:ee5130d97376ed662de80fbf46636f2bc3a997a42efa058285fd049ab39ce0a7,6866
    pantry-tree:
      size: 7779
      sha256: d9c3a733f7cfc677c2046f1d4c896eb2da8ad9abaa4a34d5a45ce25ccf6860c0
  original:
    hackage: HTF-0.14.0.3@sha256:ee5130d97376ed662de80fbf46636f2bc3a997a42efa058285fd049ab39ce0a7,6866
- completed:
    hackage: haskell-src-1.0.3.1@sha256:4f17c7a8c3989cbbe5a07facf7ee1080c7688c33fd6e8b8d8c9693a2d96726d2,1680
    pantry-tree:
      size: 621
      sha256: 1ad12f023a5c4c4f3053f15519355166f1a6eb05ec639d7b32f8fcd587e28bea
  original:
    hackage: haskell-src-1.0.3.1@sha256:4f17c7a8c3989cbbe5a07facf7ee1080c7688c33fd6e8b8d8c9693a2d96726d2,1680
- completed:
    hackage: happy-1.19.12@sha256:acc67bfbf3af87892766781dd064c9447181ea81269a7a1e5fc9ace4a8fa4768,5691
    pantry-tree:
      size: 8693
      sha256: 91502601a560862a5b90d776c0bd58bc2779ba5b7945c984817eaa3b9ca64564
  original:
    hackage: happy-1.19.12@sha256:acc67bfbf3af87892766781dd064c9447181ea81269a7a1e5fc9ace4a8fa4768,5691
snapshots:
- completed:
    size: 563103
    url: https://raw.githubusercontent.com/commercialhaskell/stackage-snapshots/master/lts/17/4.yaml
    sha256: f11e2153044f5f71ea7b1c9398f4721f517c9bd37642ed769647b896564021f3
  original: lts-17.4
